
Microsoft Visual Studio Solution File, Format Version 12.00
# Visual Studio 14
VisualStudioVersion = 14.0.24720.0
MinimumVisualStudioVersion = 10.0.40219.1
Project("{FAE04EC0-301F-11D3-BF4B-00C04F79EFBC}") = "GestureNet.Example", "GestureNet.Example\GestureNet.Example.csproj", "{67DBB926-0C77-41DC-BE49-F832925A7F05}"
EndProject
Project("{FAE04EC0-301F-11D3-BF4B-00C04F79EFBC}") = "GestureNet.IO", "GestureNet.IO\GestureNet.IO.csproj", "{ABC86958-E578-4A72-9312-12EB8DA5C371}"
EndProject
Project("{FAE04EC0-301F-11D3-BF4B-00C04F79EFBC}") = "GestureNet.Recognisers", "GestureNet.Recognisers\GestureNet.Recognisers.csproj", "{93C1F07E-DE65-494B-85C8-03E4C746AE8A}"
EndProject
Project("{FAE04EC0-301F-11D3-BF4B-00C04F79EFBC}") = "GestureNet.Structures", "GestureNet.Structures\GestureNet.Structures.csproj", "{8BDEEE18-6ED9-4475-8F95-B4DEF66317D4}"
EndProject
Project("{2150E333-8FDC-42A3-9474-1A3956D46DE8}") = "Solution Items", "Solution Items", "{2D2C41E0-29E5-456D-A47B-090E3DAF355D}"
	ProjectSection(SolutionItems) = preProject
		LICENSE.md = LICENSE.md
	EndProjectSection
EndProject
Project("{FAE04EC0-301F-11D3-BF4B-00C04F79EFBC}") = "GestureNet.WPFExample", "GestureNet.WPFExample\GestureNet.WPFExample.csproj", "{62470B26-0C2C-44FD-BCD3-450E1B7E502F}"
EndProject
Global
	GlobalSection(SolutionConfigurationPlatforms) = preSolution
		Debug|Any CPU = Debug|Any CPU
		Release|Any CPU = Release|Any CPU
	EndGlobalSection
	GlobalSection(ProjectConfigurationPlatforms) = postSolution
		{67DBB926-0C77-41DC-BE49-F832925A7F05}.Debug|Any CPU.ActiveCfg = Debug|Any CPU
		{67DBB926-0C77-41DC-BE49-F832925A7F05}.Debug|Any CPU.Build.0 = Debug|Any CPU
		{67DBB926-0C77-41DC-BE49-F832925A7F05}.Release|Any CPU.ActiveCfg = Release|Any CPU
		{67DBB926-0C77-41DC-BE49-F832925A7F05}.Release|Any CPU.Build.0 = Release|Any CPU
		{ABC86958-E578-4A72-9312-12EB8DA5C371}.Debug|Any CPU.ActiveCfg = Debug|Any CPU
		{ABC86958-E578-4A72-9312-12EB8DA5C371}.Debug|Any CPU.Build.0 = Debug|Any CPU
		{ABC86958-E578-4A72-9312-12EB8DA5C371}.Release|Any CPU.ActiveCfg = Release|Any CPU
		{ABC86958-E578-4A72-9312-12EB8DA5C371}.Release|Any CPU.Build.0 = Release|Any CPU
		{93C1F07E-DE65-494B-85C8-03E4C746AE8A}.Debug|Any CPU.ActiveCfg = Debug|Any CPU
		{93C1F07E-DE65-494B-85C8-03E4C746AE8A}.Debug|Any CPU.Build.0 = Debug|Any CPU
		{93C1F07E-DE65-494B-85C8-03E4C746AE8A}.Release|Any CPU.ActiveCfg = Release|Any CPU
		{93C1F07E-DE65-494B-85C8-03E4C746AE8A}.Release|Any CPU.Build.0 = Release|Any CPU
		{8BDEEE18-6ED9-4475-8F95-B4DEF66317D4}.Debug|Any CPU.ActiveCfg = Debug|Any CPU
		{8BDEEE18-6ED9-4475-8F95-B4DEF66317D4}.Debug|Any CPU.Build.0 = Debug|Any CPU
		{8BDEEE18-6ED9-4475-8F95-B4DEF66317D4}.Release|Any CPU.ActiveCfg = Release|Any CPU
		{8BDEEE18-6ED9-4475-8F95-B4DEF66317D4}.Release|Any CPU.Build.0 = Release|Any CPU
		{62470B26-0C2C-44FD-BCD3-450E1B7E502F}.Debug|Any CPU.ActiveCfg = Debug|Any CPU
		{62470B26-0C2C-44FD-BCD3-450E1B7E502F}.Debug|Any CPU.Build.0 = Debug|Any CPU
		{62470B26-0C2C-44FD-BCD3-450E1B7E502F}.Release|Any CPU.ActiveCfg = Release|Any CPU
		{62470B26-0C2C-44FD-BCD3-450E1B7E502F}.Release|Any CPU.Build.0 = Release|Any CPU
	EndGlobalSection
	GlobalSection(SolutionProperties) = preSolution
		HideSolutionNode = FALSE
	EndGlobalSection
EndGlobal
